<?xml version="1.0" encoding="utf-8"?>
<Project ToolsVersion="4.0" xmlns="http://schemas.microsoft.com/developer/msbuild/2003">
  <ItemGroup>
    <ClCompile Include="controller.cpp">
      <Filter>ソースファイル</Filter>
    </ClCompile>
    <ClCompile Include="..\..\..\..\..\..\VST_SDK\vst3sdk\public.sdk\source\main\dllmain.cpp">
      <Filter>ソースファイル</Filter>
    </ClCompile>
    <ClCompile Include="factory.cpp">
      <Filter>ソースファイル</Filter>
    </ClCompile>
    <ClCompile Include="processor.cpp">
      <Filter>ソースファイル</Filter>
    </ClCompile>
  </ItemGroup>
  <ItemGroup>
    <ClInclude Include="controller.h">
      <Filter>ヘッダファイル</Filter>
    </ClInclude>
    <ClInclude Include="myvst3define.h">
      <Filter>ヘッダファイル</Filter>
    </ClInclude>
    <ClInclude Include="myvst3fuid.h">
      <Filter>ヘッダファイル</Filter>
    </ClInclude>
    <ClInclude Include="processor.h">
      <Filter>ヘッダファイル</Filter>
    </ClInclude>
  </ItemGroup>
  <ItemGroup>
    <Filter Include="ソースファイル">
      <UniqueIdentifier>{0ba4f5ed-a1a6-458c-9137-f6606d83a27e}</UniqueIdentifier>
    </Filter>
    <Filter Include="ヘッダファイル">
      <UniqueIdentifier>{eb4ef4e7-0f62-49e6-844b-1104bf3268c7}</UniqueIdentifier>
    </Filter>
  </ItemGroup>
</Project>